
Microsoft Visual Studio Solution File, Format Version 12.00
# Visual Studio Version 16
VisualStudioVersion = 16.0.30413.136
MinimumVisualStudioVersion = 10.0.40219.1
Project("{9A19103F-16F7-4668-BE54-9A1E7A4F7556}") = "Library", "Library\Library.csproj", "{7E7B2006-C7B3-49D9-B404-4E84686595F2}"
EndProject
Project("{9A19103F-16F7-4668-BE54-9A1E7A4F7556}") = "LibraryData", "LibraryData\LibraryData.csproj", "{34DF5217-A6C3-46A1-958A-593FFD621D0D}"
EndProject
Project("{9A19103F-16F7-4668-BE54-9A1E7A4F7556}") = "LibraryServices", "LibraryServices\LibraryServices.csproj", "{857A51F2-EEEB-4875-883B-47098BEE5801}"
EndProject
Global
	GlobalSection(SolutionConfigurationPlatforms) = preSolution
		Debug|Any CPU = Debug|Any CPU
		Release|Any CPU = Release|Any CPU
	EndGlobalSection
	GlobalSection(ProjectConfigurationPlatforms) = postSolution
		{7E7B2006-C7B3-49D9-B404-4E84686595F2}.Debug|Any CPU.ActiveCfg = Debug|Any CPU
		{7E7B2006-C7B3-49D9-B404-4E84686595F2}.Debug|Any CPU.Build.0 = Debug|Any CPU
		{7E7B2006-C7B3-49D9-B404-4E84686595F2}.Release|Any CPU.ActiveCfg = Release|Any CPU
		{7E7B2006-C7B3-49D9-B404-4E84686595F2}.Release|Any CPU.Build.0 = Release|Any CPU
		{34DF5217-A6C3-46A1-958A-593FFD621D0D}.Debug|Any CPU.ActiveCfg = Debug|Any CPU
		{34DF5217-A6C3-46A1-958A-593FFD621D0D}.Debug|Any CPU.Build.0 = Debug|Any CPU
		{34DF5217-A6C3-46A1-958A-593FFD621D0D}.Release|Any CPU.ActiveCfg = Release|Any CPU
		{34DF5217-A6C3-46A1-958A-593FFD621D0D}.Release|Any CPU.Build.0 = Release|Any CPU
		{857A51F2-EEEB-4875-883B-47098BEE5801}.Debug|Any CPU.ActiveCfg = Debug|Any CPU
		{857A51F2-EEEB-4875-883B-47098BEE5801}.Debug|Any CPU.Build.0 = Debug|Any CPU
		{857A51F2-EEEB-4875-883B-47098BEE5801}.Release|Any CPU.ActiveCfg = Release|Any CPU
		{857A51F2-EEEB-4875-883B-47098BEE5801}.Release|Any CPU.Build.0 = Release|Any CPU
	EndGlobalSection
	GlobalSection(SolutionProperties) = preSolution
		HideSolutionNode = FALSE
	EndGlobalSection
	GlobalSection(ExtensibilityGlobals) = postSolution
		SolutionGuid = {7FB240DB-1F80-4B19-B8B2-F93FE9B57FF6}
	EndGlobalSection
EndGlobal
